
Microsoft Visual Studio Solution File, Format Version 12.00
# Visual Studio Version 17
VisualStudioVersion = 17.7.34221.43
MinimumVisualStudioVersion = 10.0.40219.1
Project("{FAE04EC0-301F-11D3-BF4B-00C04F79EFBC}") = "webApp", "webApp\webApp.csproj", "{432B47BA-8EA8-4D76-8E97-BFFF047BC743}"
EndProject
Global
	GlobalSection(SolutionConfigurationPlatforms) = preSolution
		Debug|Any CPU = Debug|Any CPU
		Release|Any CPU = Release|Any CPU
	EndGlobalSection
	GlobalSection(ProjectConfigurationPlatforms) = postSolution
		{432B47BA-8EA8-4D76-8E97-BFFF047BC743}.Debug|Any CPU.ActiveCfg = Debug|Any CPU
		{432B47BA-8EA8-4D76-8E97-BFFF047BC743}.Debug|Any CPU.Build.0 = Debug|Any CPU
		{432B47BA-8EA8-4D76-8E97-BFFF047BC743}.Release|Any CPU.ActiveCfg = Release|Any CPU
		{432B47BA-8EA8-4D76-8E97-BFFF047BC743}.Release|Any CPU.Build.0 = Release|Any CPU
	EndGlobalSection
	GlobalSection(SolutionProperties) = preSolution
		HideSolutionNode = FALSE
	EndGlobalSection
	GlobalSection(ExtensibilityGlobals) = postSolution
		SolutionGuid = {E453A0F3-CB29-4AAA-A1B9-E7200270F64E}
	EndGlobalSection
EndGlobal
